
Microsoft Visual Studio Solution File, Format Version 12.00
# Visual Studio Version 16
VisualStudioVersion = 16.0.31702.278
MinimumVisualStudioVersion = 10.0.40219.1
Project("{FAE04EC0-301F-11D3-BF4B-00C04F79EFBC}") = "Berkeley College", "Berkeley College.csproj", "{4FD4AB87-4AD4-4D15-91D4-7DB06C74EDDF}"
EndProject
Global
	GlobalSection(SolutionConfigurationPlatforms) = preSolution
		Debug|Any CPU = Debug|Any CPU
		Release|Any CPU = Release|Any CPU
	EndGlobalSection
	GlobalSection(ProjectConfigurationPlatforms) = postSolution
		{4FD4AB87-4AD4-4D15-91D4-7DB06C74EDDF}.Debug|Any CPU.ActiveCfg = Debug|Any CPU
		{4FD4AB87-4AD4-4D15-91D4-7DB06C74EDDF}.Debug|Any CPU.Build.0 = Debug|Any CPU
		{4FD4AB87-4AD4-4D15-91D4-7DB06C74EDDF}.Release|Any CPU.ActiveCfg = Release|Any CPU
		{4FD4AB87-4AD4-4D15-91D4-7DB06C74EDDF}.Release|Any CPU.Build.0 = Release|Any CPU
	EndGlobalSection
	GlobalSection(SolutionProperties) = preSolution
		HideSolutionNode = FALSE
	EndGlobalSection
	GlobalSection(ExtensibilityGlobals) = postSolution
		SolutionGuid = {90C49F5E-8DF1-40D7-9AA8-07370A16DBF9}
	EndGlobalSection
EndGlobal
